
Microsoft Visual Studio Solution File, Format Version 12.00
Project("{FAE04EC0-301F-11D3-BF4B-00C04F79EFBC}") = "testGetBytes", "testGetBytes\testGetBytes.csproj", "{F2906D3C-857A-4587-A130-612D1C7F4F55}"
EndProject
Global
	GlobalSection(SolutionConfigurationPlatforms) = preSolution
		Debug|Any CPU = Debug|Any CPU
		Release|Any CPU = Release|Any CPU
	EndGlobalSection
	GlobalSection(ProjectConfigurationPlatforms) = postSolution
		{F2906D3C-857A-4587-A130-612D1C7F4F55}.Debug|Any CPU.ActiveCfg = Debug|Any CPU
		{F2906D3C-857A-4587-A130-612D1C7F4F55}.Debug|Any CPU.Build.0 = Debug|Any CPU
		{F2906D3C-857A-4587-A130-612D1C7F4F55}.Release|Any CPU.ActiveCfg = Release|Any CPU
		{F2906D3C-857A-4587-A130-612D1C7F4F55}.Release|Any CPU.Build.0 = Release|Any CPU
	EndGlobalSection
EndGlobal
